
Microsoft Visual Studio Solution File, Format Version 12.00
# Visual Studio Version 16
VisualStudioVersion = 16.0.30503.244
MinimumVisualStudioVersion = 10.0.40219.1
Project("{FAE04EC0-301F-11D3-BF4B-00C04F79EFBC}") = "HandsOnActivity1", "HandsOnActivity1\HandsOnActivity1.csproj", "{956FD380-EBC2-4B88-8329-B090A7A36DC0}"
EndProject
Global
	GlobalSection(SolutionConfigurationPlatforms) = preSolution
		Debug|Any CPU = Debug|Any CPU
		Release|Any CPU = Release|Any CPU
	EndGlobalSection
	GlobalSection(ProjectConfigurationPlatforms) = postSolution
		{956FD380-EBC2-4B88-8329-B090A7A36DC0}.Debug|Any CPU.ActiveCfg = Debug|Any CPU
		{956FD380-EBC2-4B88-8329-B090A7A36DC0}.Debug|Any CPU.Build.0 = Debug|Any CPU
		{956FD380-EBC2-4B88-8329-B090A7A36DC0}.Release|Any CPU.ActiveCfg = Release|Any CPU
		{956FD380-EBC2-4B88-8329-B090A7A36DC0}.Release|Any CPU.Build.0 = Release|Any CPU
	EndGlobalSection
	GlobalSection(SolutionProperties) = preSolution
		HideSolutionNode = FALSE
	EndGlobalSection
	GlobalSection(ExtensibilityGlobals) = postSolution
		SolutionGuid = {67B582DA-4E68-4A59-BE38-026B4EF705BF}
	EndGlobalSection
EndGlobal
